
Microsoft Visual Studio Solution File, Format Version 12.00
# Visual Studio Version 16
VisualStudioVersion = 16.0.29509.3
MinimumVisualStudioVersion = 10.0.40219.1
Project("{9A19103F-16F7-4668-BE54-9A1E7A4F7556}") = "XMLSerializer.Test", "XMLSerializer.Test\XMLSerializer.Test.csproj", "{0D846921-F6DB-493C-86E0-AEFC30747D2A}"
EndProject
Project("{9A19103F-16F7-4668-BE54-9A1E7A4F7556}") = "XMLSerializer", "XMLSerializer\XMLSerializer.csproj", "{DACB1537-1B8B-49E3-BA07-B78285747ED3}"
EndProject
Project("{FAE04EC0-301F-11D3-BF4B-00C04F79EFBC}") = "Enom", "Enom\Enom.csproj", "{22AB1DAD-5E4D-48E2-937D-368981CD4920}"
EndProject
Project("{FAE04EC0-301F-11D3-BF4B-00C04F79EFBC}") = "Enom.Test", "Enom.Test\Enom.Test.csproj", "{6ACC9647-8F6E-4DBB-BD7F-507A1F830FDA}"
EndProject
Global
	GlobalSection(SolutionConfigurationPlatforms) = preSolution
		Debug|Any CPU = Debug|Any CPU
		Release|Any CPU = Release|Any CPU
	EndGlobalSection
	GlobalSection(ProjectConfigurationPlatforms) = postSolution
		{0D846921-F6DB-493C-86E0-AEFC30747D2A}.Debug|Any CPU.ActiveCfg = Debug|Any CPU
		{0D846921-F6DB-493C-86E0-AEFC30747D2A}.Debug|Any CPU.Build.0 = Debug|Any CPU
		{0D846921-F6DB-493C-86E0-AEFC30747D2A}.Release|Any CPU.ActiveCfg = Release|Any CPU
		{0D846921-F6DB-493C-86E0-AEFC30747D2A}.Release|Any CPU.Build.0 = Release|Any CPU
		{DACB1537-1B8B-49E3-BA07-B78285747ED3}.Debug|Any CPU.ActiveCfg = Debug|Any CPU
		{DACB1537-1B8B-49E3-BA07-B78285747ED3}.Debug|Any CPU.Build.0 = Debug|Any CPU
		{DACB1537-1B8B-49E3-BA07-B78285747ED3}.Release|Any CPU.ActiveCfg = Release|Any CPU
		{DACB1537-1B8B-49E3-BA07-B78285747ED3}.Release|Any CPU.Build.0 = Release|Any CPU
		{22AB1DAD-5E4D-48E2-937D-368981CD4920}.Debug|Any CPU.ActiveCfg = Debug|Any CPU
		{22AB1DAD-5E4D-48E2-937D-368981CD4920}.Debug|Any CPU.Build.0 = Debug|Any CPU
		{22AB1DAD-5E4D-48E2-937D-368981CD4920}.Release|Any CPU.ActiveCfg = Release|Any CPU
		{22AB1DAD-5E4D-48E2-937D-368981CD4920}.Release|Any CPU.Build.0 = Release|Any CPU
		{6ACC9647-8F6E-4DBB-BD7F-507A1F830FDA}.Debug|Any CPU.ActiveCfg = Debug|Any CPU
		{6ACC9647-8F6E-4DBB-BD7F-507A1F830FDA}.Debug|Any CPU.Build.0 = Debug|Any CPU
		{6ACC9647-8F6E-4DBB-BD7F-507A1F830FDA}.Release|Any CPU.ActiveCfg = Release|Any CPU
		{6ACC9647-8F6E-4DBB-BD7F-507A1F830FDA}.Release|Any CPU.Build.0 = Release|Any CPU
	EndGlobalSection
	GlobalSection(SolutionProperties) = preSolution
		HideSolutionNode = FALSE
	EndGlobalSection
	GlobalSection(ExtensibilityGlobals) = postSolution
		SolutionGuid = {340E8225-3481-4995-BD06-ACE8E3572E29}
	EndGlobalSection
EndGlobal
